
Microsoft Visual Studio Solution File, Format Version 12.00
# Visual Studio Version 16
VisualStudioVersion = 16.0.30011.22
MinimumVisualStudioVersion = 10.0.40219.1
Project("{FAE04EC0-301F-11D3-BF4B-00C04F79EFBC}") = "XlsApp1", "XlsApp1.csproj", "{B60062A3-A6FC-4159-B474-3DE9C193A152}"
EndProject
Global
	GlobalSection(SolutionConfigurationPlatforms) = preSolution
		Debug|Any CPU = Debug|Any CPU
		Release|Any CPU = Release|Any CPU
	EndGlobalSection
	GlobalSection(ProjectConfigurationPlatforms) = postSolution
		{B60062A3-A6FC-4159-B474-3DE9C193A152}.Debug|Any CPU.ActiveCfg = Debug|Any CPU
		{B60062A3-A6FC-4159-B474-3DE9C193A152}.Debug|Any CPU.Build.0 = Debug|Any CPU
		{B60062A3-A6FC-4159-B474-3DE9C193A152}.Release|Any CPU.ActiveCfg = Release|Any CPU
		{B60062A3-A6FC-4159-B474-3DE9C193A152}.Release|Any CPU.Build.0 = Release|Any CPU
	EndGlobalSection
	GlobalSection(SolutionProperties) = preSolution
		HideSolutionNode = FALSE
	EndGlobalSection
	GlobalSection(ExtensibilityGlobals) = postSolution
		SolutionGuid = {A4BD5AB3-6024-407A-AFE6-2378FE9E4429}
	EndGlobalSection
EndGlobal
